
Microsoft Visual Studio Solution File, Format Version 12.00
# Visual Studio Version 17
VisualStudioVersion = 17.11.35312.102
MinimumVisualStudioVersion = 10.0.40219.1
Project("{9A19103F-16F7-4668-BE54-9A1E7A4F7556}") = "Core.Persistence", "CorePersistance\Core.Persistence.csproj", "{1EAC54A0-B051-45B5-8E45-230865DDB042}"
EndProject
Project("{9A19103F-16F7-4668-BE54-9A1E7A4F7556}") = "Core.Application", "Core.Application\Core.Application.csproj", "{25798079-1A40-48A7-81EF-14D833FC5C70}"
EndProject
Project("{FAE04EC0-301F-11D3-BF4B-00C04F79EFBC}") = "Core.CrossCuttingConcerns", "Core.CrossCuttingConcerns\Core.CrossCuttingConcerns.csproj", "{59300BC9-DC1F-46F1-887F-41D580771A66}"
EndProject
Global
	GlobalSection(SolutionConfigurationPlatforms) = preSolution
		Debug|Any CPU = Debug|Any CPU
		Release|Any CPU = Release|Any CPU
	EndGlobalSection
	GlobalSection(ProjectConfigurationPlatforms) = postSolution
		{1EAC54A0-B051-45B5-8E45-230865DDB042}.Debug|Any CPU.ActiveCfg = Debug|Any CPU
		{1EAC54A0-B051-45B5-8E45-230865DDB042}.Debug|Any CPU.Build.0 = Debug|Any CPU
		{1EAC54A0-B051-45B5-8E45-230865DDB042}.Release|Any CPU.ActiveCfg = Release|Any CPU
		{1EAC54A0-B051-45B5-8E45-230865DDB042}.Release|Any CPU.Build.0 = Release|Any CPU
		{25798079-1A40-48A7-81EF-14D833FC5C70}.Debug|Any CPU.ActiveCfg = Debug|Any CPU
		{25798079-1A40-48A7-81EF-14D833FC5C70}.Debug|Any CPU.Build.0 = Debug|Any CPU
		{25798079-1A40-48A7-81EF-14D833FC5C70}.Release|Any CPU.ActiveCfg = Release|Any CPU
		{25798079-1A40-48A7-81EF-14D833FC5C70}.Release|Any CPU.Build.0 = Release|Any CPU
		{59300BC9-DC1F-46F1-887F-41D580771A66}.Debug|Any CPU.ActiveCfg = Debug|Any CPU
		{59300BC9-DC1F-46F1-887F-41D580771A66}.Debug|Any CPU.Build.0 = Debug|Any CPU
		{59300BC9-DC1F-46F1-887F-41D580771A66}.Release|Any CPU.ActiveCfg = Release|Any CPU
		{59300BC9-DC1F-46F1-887F-41D580771A66}.Release|Any CPU.Build.0 = Release|Any CPU
	EndGlobalSection
	GlobalSection(SolutionProperties) = preSolution
		HideSolutionNode = FALSE
	EndGlobalSection
	GlobalSection(ExtensibilityGlobals) = postSolution
		SolutionGuid = {A6A63720-09CB-482D-96B4-3F5496FCC455}
	EndGlobalSection
EndGlobal
