
Microsoft Visual Studio Solution File, Format Version 12.00
# Visual Studio Version 17
VisualStudioVersion = 17.10.35122.118
MinimumVisualStudioVersion = 10.0.40219.1
Project("{9A19103F-16F7-4668-BE54-9A1E7A4F7556}") = "Business", "Business\Business.csproj", "{CAFE2F68-B009-4987-90B0-67AF4E6C478F}"
EndProject
Project("{9A19103F-16F7-4668-BE54-9A1E7A4F7556}") = "DataAccess", "DataAccess\DataAccess.csproj", "{4D6E7E50-E99C-4805-B788-77B717FE3F17}"
EndProject
Project("{9A19103F-16F7-4668-BE54-9A1E7A4F7556}") = "Entities", "Entities\Entities.csproj", "{199D4D4C-CF8A-4EED-863F-907495235B7D}"
EndProject
Project("{9A19103F-16F7-4668-BE54-9A1E7A4F7556}") = "ConsolUI", "ConsolUI\ConsolUI.csproj", "{4DE27D78-DD2E-4A97-834E-E39A0DF9EF22}"
EndProject
Project("{9A19103F-16F7-4668-BE54-9A1E7A4F7556}") = "Core", "Core\Core.csproj", "{A6C2DCF0-8734-4B21-9E22-8A29E0F06E90}"
EndProject
Project("{FAE04EC0-301F-11D3-BF4B-00C04F79EFBC}") = "WebAPI", "WebAPI\WebAPI.csproj", "{AC1F8711-0E9C-4698-ABC8-CF2A2B6B4BAD}"
EndProject
Global
	GlobalSection(SolutionConfigurationPlatforms) = preSolution
		Debug|Any CPU = Debug|Any CPU
		Release|Any CPU = Release|Any CPU
	EndGlobalSection
	GlobalSection(ProjectConfigurationPlatforms) = postSolution
		{CAFE2F68-B009-4987-90B0-67AF4E6C478F}.Debug|Any CPU.ActiveCfg = Debug|Any CPU
		{CAFE2F68-B009-4987-90B0-67AF4E6C478F}.Debug|Any CPU.Build.0 = Debug|Any CPU
		{CAFE2F68-B009-4987-90B0-67AF4E6C478F}.Release|Any CPU.ActiveCfg = Release|Any CPU
		{CAFE2F68-B009-4987-90B0-67AF4E6C478F}.Release|Any CPU.Build.0 = Release|Any CPU
		{4D6E7E50-E99C-4805-B788-77B717FE3F17}.Debug|Any CPU.ActiveCfg = Debug|Any CPU
		{4D6E7E50-E99C-4805-B788-77B717FE3F17}.Debug|Any CPU.Build.0 = Debug|Any CPU
		{4D6E7E50-E99C-4805-B788-77B717FE3F17}.Release|Any CPU.ActiveCfg = Release|Any CPU
		{4D6E7E50-E99C-4805-B788-77B717FE3F17}.Release|Any CPU.Build.0 = Release|Any CPU
		{199D4D4C-CF8A-4EED-863F-907495235B7D}.Debug|Any CPU.ActiveCfg = Debug|Any CPU
		{199D4D4C-CF8A-4EED-863F-907495235B7D}.Debug|Any CPU.Build.0 = Debug|Any CPU
		{199D4D4C-CF8A-4EED-863F-907495235B7D}.Release|Any CPU.ActiveCfg = Release|Any CPU
		{199D4D4C-CF8A-4EED-863F-907495235B7D}.Release|Any CPU.Build.0 = Release|Any CPU
		{4DE27D78-DD2E-4A97-834E-E39A0DF9EF22}.Debug|Any CPU.ActiveCfg = Debug|Any CPU
		{4DE27D78-DD2E-4A97-834E-E39A0DF9EF22}.Debug|Any CPU.Build.0 = Debug|Any CPU
		{4DE27D78-DD2E-4A97-834E-E39A0DF9EF22}.Release|Any CPU.ActiveCfg = Release|Any CPU
		{4DE27D78-DD2E-4A97-834E-E39A0DF9EF22}.Release|Any CPU.Build.0 = Release|Any CPU
		{A6C2DCF0-8734-4B21-9E22-8A29E0F06E90}.Debug|Any CPU.ActiveCfg = Debug|Any CPU
		{A6C2DCF0-8734-4B21-9E22-8A29E0F06E90}.Debug|Any CPU.Build.0 = Debug|Any CPU
		{A6C2DCF0-8734-4B21-9E22-8A29E0F06E90}.Release|Any CPU.ActiveCfg = Release|Any CPU
		{A6C2DCF0-8734-4B21-9E22-8A29E0F06E90}.Release|Any CPU.Build.0 = Release|Any CPU
		{AC1F8711-0E9C-4698-ABC8-CF2A2B6B4BAD}.Debug|Any CPU.ActiveCfg = Debug|Any CPU
		{AC1F8711-0E9C-4698-ABC8-CF2A2B6B4BAD}.Debug|Any CPU.Build.0 = Debug|Any CPU
		{AC1F8711-0E9C-4698-ABC8-CF2A2B6B4BAD}.Release|Any CPU.ActiveCfg = Release|Any CPU
		{AC1F8711-0E9C-4698-ABC8-CF2A2B6B4BAD}.Release|Any CPU.Build.0 = Release|Any CPU
	EndGlobalSection
	GlobalSection(SolutionProperties) = preSolution
		HideSolutionNode = FALSE
	EndGlobalSection
	GlobalSection(ExtensibilityGlobals) = postSolution
		SolutionGuid = {AEE70F53-A303-42EA-96C1-670AE34F584B}
	EndGlobalSection
EndGlobal
