
Microsoft Visual Studio Solution File, Format Version 12.00
# Visual Studio Version 17
VisualStudioVersion = 17.11.35312.102
MinimumVisualStudioVersion = 10.0.40219.1
Project("{9A19103F-16F7-4668-BE54-9A1E7A4F7556}") = "WebApi", "WebApi\WebApi.csproj", "{A0935146-EB67-459B-BEA7-D9F16AF7F6E6}"
EndProject
Project("{9A19103F-16F7-4668-BE54-9A1E7A4F7556}") = "Persistence", "Persistance\Persistence.csproj", "{FD32C66E-E12C-47F4-A276-8B1CA2221699}"
EndProject
Project("{9A19103F-16F7-4668-BE54-9A1E7A4F7556}") = "Domain", "Domain\Domain.csproj", "{AE408E2A-6965-40C8-BA3E-684501BB2D08}"
EndProject
Project("{9A19103F-16F7-4668-BE54-9A1E7A4F7556}") = "Application", "Application\Application.csproj", "{9E4E37B1-0A9B-466B-B6AC-7CE2602AD3C7}"
EndProject
Project("{9A19103F-16F7-4668-BE54-9A1E7A4F7556}") = "Infrastructure", "Infrastructure\Infrastructure.csproj", "{F96F812C-C4D2-4F02-8DF0-0C1D0481F2D4}"
EndProject
Global
	GlobalSection(SolutionConfigurationPlatforms) = preSolution
		Debug|Any CPU = Debug|Any CPU
		Release|Any CPU = Release|Any CPU
	EndGlobalSection
	GlobalSection(ProjectConfigurationPlatforms) = postSolution
		{A0935146-EB67-459B-BEA7-D9F16AF7F6E6}.Debug|Any CPU.ActiveCfg = Debug|Any CPU
		{A0935146-EB67-459B-BEA7-D9F16AF7F6E6}.Debug|Any CPU.Build.0 = Debug|Any CPU
		{A0935146-EB67-459B-BEA7-D9F16AF7F6E6}.Release|Any CPU.ActiveCfg = Release|Any CPU
		{A0935146-EB67-459B-BEA7-D9F16AF7F6E6}.Release|Any CPU.Build.0 = Release|Any CPU
		{FD32C66E-E12C-47F4-A276-8B1CA2221699}.Debug|Any CPU.ActiveCfg = Debug|Any CPU
		{FD32C66E-E12C-47F4-A276-8B1CA2221699}.Debug|Any CPU.Build.0 = Debug|Any CPU
		{FD32C66E-E12C-47F4-A276-8B1CA2221699}.Release|Any CPU.ActiveCfg = Release|Any CPU
		{FD32C66E-E12C-47F4-A276-8B1CA2221699}.Release|Any CPU.Build.0 = Release|Any CPU
		{AE408E2A-6965-40C8-BA3E-684501BB2D08}.Debug|Any CPU.ActiveCfg = Debug|Any CPU
		{AE408E2A-6965-40C8-BA3E-684501BB2D08}.Debug|Any CPU.Build.0 = Debug|Any CPU
		{AE408E2A-6965-40C8-BA3E-684501BB2D08}.Release|Any CPU.ActiveCfg = Release|Any CPU
		{AE408E2A-6965-40C8-BA3E-684501BB2D08}.Release|Any CPU.Build.0 = Release|Any CPU
		{9E4E37B1-0A9B-466B-B6AC-7CE2602AD3C7}.Debug|Any CPU.ActiveCfg = Debug|Any CPU
		{9E4E37B1-0A9B-466B-B6AC-7CE2602AD3C7}.Debug|Any CPU.Build.0 = Debug|Any CPU
		{9E4E37B1-0A9B-466B-B6AC-7CE2602AD3C7}.Release|Any CPU.ActiveCfg = Release|Any CPU
		{9E4E37B1-0A9B-466B-B6AC-7CE2602AD3C7}.Release|Any CPU.Build.0 = Release|Any CPU
		{F96F812C-C4D2-4F02-8DF0-0C1D0481F2D4}.Debug|Any CPU.ActiveCfg = Debug|Any CPU
		{F96F812C-C4D2-4F02-8DF0-0C1D0481F2D4}.Debug|Any CPU.Build.0 = Debug|Any CPU
		{F96F812C-C4D2-4F02-8DF0-0C1D0481F2D4}.Release|Any CPU.ActiveCfg = Release|Any CPU
		{F96F812C-C4D2-4F02-8DF0-0C1D0481F2D4}.Release|Any CPU.Build.0 = Release|Any CPU
	EndGlobalSection
	GlobalSection(SolutionProperties) = preSolution
		HideSolutionNode = FALSE
	EndGlobalSection
	GlobalSection(ExtensibilityGlobals) = postSolution
		SolutionGuid = {85EEC75A-283D-4ED3-97D2-F739BB4FBDC2}
	EndGlobalSection
EndGlobal
